// !$*UTF8*$!
{
	archiveVersion = 1;
	classes = {
	};
	objectVersion = 50;
	objects = {

/* Begin PBXBuildFile section */
		96951474258742B800E082C9 /* AppDelegate.swift in Sources */ = {isa = PBXBuildFile; fileRef = 96951473258742B800E082C9 /* AppDelegate.swift */; };
		96951476258742B800E082C9 /* SceneDelegate.swift in Sources */ = {isa = PBXBuildFile; fileRef = 96951475258742B800E082C9 /* SceneDelegate.swift */; };
		96951478258742B800E082C9 /* TaskController.swift in Sources */ = {isa = PBXBuildFile; fileRef = 96951477258742B800E082C9 /* TaskController.swift */; };
		9695147B258742B800E082C9 /* Main.storyboard in Resources */ = {isa = PBXBuildFile; fileRef = 96951479258742B800E082C9 /* Main.storyboard */; };
		9695147D258742B800E082C9 /* Assets.xcassets in Resources */ = {isa = PBXBuildFile; fileRef = 9695147C258742B800E082C9 /* Assets.xcassets */; };
		96951480258742B800E082C9 /* LaunchScreen.storyboard in Resources */ = {isa = PBXBuildFile; fileRef = 9695147E258742B800E082C9 /* LaunchScreen.storyboard */; };
		9695148B258742B800E082C9 /* TabbedAppTests.swift in Sources */ = {isa = PBXBuildFile; fileRef = 9695148A258742B800E082C9 /* TabbedAppTests.swift */; };
		96951496258742B800E082C9 /* TabbedAppUITests.swift in Sources */ = {isa = PBXBuildFile; fileRef = 96951495258742B800E082C9 /* TabbedAppUITests.swift */; };
		969514A72587446F00E082C9 /* ShoppingController.swift in Sources */ = {isa = PBXBuildFile; fileRef = 969514A62587446F00E082C9 /* ShoppingController.swift */; };
/* End PBXBuildFile section */

/* Begin PBXContainerItemProxy section */
		96951487258742B800E082C9 /* PBXContainerItemProxy */ = {
			isa = PBXContainerItemProxy;
			containerPortal = 96951468258742B800E082C9 /* Project object */;
			proxyType = 1;
			remoteGlobalIDString = 9695146F258742B800E082C9;
			remoteInfo = TabbedApp;
		};
		96951492258742B800E082C9 /* PBXContainerItemProxy */ = {
			isa = PBXContainerItemProxy;
			containerPortal = 96951468258742B800E082C9 /* Project object */;
			proxyType = 1;
			remoteGlobalIDString = 9695146F258742B800E082C9;
			remoteInfo = TabbedApp;
		};
/* End PBXContainerItemProxy section */

/* Begin PBXFileReference section */
		96951470258742B800E082C9 /* TabbedApp.app */ = {isa = PBXFileReference; explicitFileType = wrapper.application; includeInIndex = 0; path = TabbedApp.app; sourceTree = BUILT_PRODUCTS_DIR; };
		96951473258742B800E082C9 /* AppDelegate.swift */ = {isa = PBXFileReference; lastKnownFileType = sourcecode.swift; path = AppDelegate.swift; sourceTree = "<group>"; };
		96951475258742B800E082C9 /* SceneDelegate.swift */ = {isa = PBXFileReference; lastKnownFileType = sourcecode.swift; path = SceneDelegate.swift; sourceTree = "<group>"; };
		96951477258742B800E082C9 /* TaskController.swift */ = {isa = PBXFileReference; lastKnownFileType = sourcecode.swift; path = TaskController.swift; sourceTree = "<group>"; };
		9695147A258742B800E082C9 /* Base */ = {isa = PBXFileReference; lastKnownFileType = file.storyboard; name = Base; path = Base.lproj/Main.storyboard; sourceTree = "<group>"; };
		9695147C258742B800E082C9 /* Assets.xcassets */ = {isa = PBXFileReference; lastKnownFileType = folder.assetcatalog; path = Assets.xcassets; sourceTree = "<group>"; };
		9695147F258742B800E082C9 /* Base */ = {isa = PBXFileReference; lastKnownFileType = file.storyboard; name = Base; path = Base.lproj/LaunchScreen.storyboard; sourceTree = "<group>"; };
		96951481258742B800E082C9 /* Info.plist */ = {isa = PBXFileReference; lastKnownFileType = text.plist.xml; path = Info.plist; sourceTree = "<group>"; };
		96951486258742B800E082C9 /* TabbedAppTests.xctest */ = {isa = PBXFileReference; explicitFileType = wrapper.cfbundle; includeInIndex = 0; path = TabbedAppTests.xctest; sourceTree = BUILT_PRODUCTS_DIR; };
		9695148A258742B800E082C9 /* TabbedAppTests.swift */ = {isa = PBXFileReference; lastKnownFileType = sourcecode.swift; path = TabbedAppTests.swift; sourceTree = "<group>"; };
		9695148C258742B800E082C9 /* Info.plist */ = {isa = PBXFileReference; lastKnownFileType = text.plist.xml; path = Info.plist; sourceTree = "<group>"; };
		96951491258742B800E082C9 /* TabbedAppUITests.xctest */ = {isa = PBXFileReference; explicitFileType = wrapper.cfbundle; includeInIndex = 0; path = TabbedAppUITests.xctest; sourceTree = BUILT_PRODUCTS_DIR; };
		96951495258742B800E082C9 /* TabbedAppUITests.swift */ = {isa = PBXFileReference; lastKnownFileType = sourcecode.swift; path = TabbedAppUITests.swift; sourceTree = "<group>"; };
		96951497258742B800E082C9 /* Info.plist */ = {isa = PBXFileReference; lastKnownFileType = text.plist.xml; path = Info.plist; sourceTree = "<group>"; };
		969514A62587446F00E082C9 /* ShoppingController.swift */ = {isa = PBXFileReference; lastKnownFileType = sourcecode.swift; path = ShoppingController.swift; sourceTree = "<group>"; };
/* End PBXFileReference section */

/* Begin PBXFrameworksBuildPhase section */
		9695146D258742B800E082C9 /* Frameworks */ = {
			isa = PBXFrameworksBuildPhase;
			buildActionMask = 2147483647;
			files = (
			);
			runOnlyForDeploymentPostprocessing = 0;
		};
		96951483258742B800E082C9 /* Frameworks */ = {
			isa = PBXFrameworksBuildPhase;
			buildActionMask = 2147483647;
			files = (
			);
			runOnlyForDeploymentPostprocessing = 0;
		};
		9695148E258742B800E082C9 /* Frameworks */ = {
			isa = PBXFrameworksBuildPhase;
			buildActionMask = 2147483647;
			files = (
			);
			runOnlyForDeploymentPostprocessing = 0;
		};
/* End PBXFrameworksBuildPhase section */

/* Begin PBXGroup section */
		96951467258742B800E082C9 = {
			isa = PBXGroup;
			children = (
				96951472258742B800E082C9 /* TabbedApp */,
				96951489258742B800E082C9 /* TabbedAppTests */,
				96951494258742B800E082C9 /* TabbedAppUITests */,
				96951471258742B800E082C9 /* Products */,
			);
			sourceTree = "<group>";
		};
		96951471258742B800E082C9 /* Products */ = {
			isa = PBXGroup;
			children = (
				96951470258742B800E082C9 /* TabbedApp.app */,
				96951486258742B800E082C9 /* TabbedAppTests.xctest */,
				96951491258742B800E082C9 /* TabbedAppUITests.xctest */,
			);
			name = Products;
			sourceTree = "<group>";
		};
		96951472258742B800E082C9 /* TabbedApp */ = {
			isa = PBXGroup;
			children = (
				96951473258742B800E082C9 /* AppDelegate.swift */,
				96951475258742B800E082C9 /* SceneDelegate.swift */,
				96951477258742B800E082C9 /* TaskController.swift */,
				969514A62587446F00E082C9 /* ShoppingController.swift */,
				96951479258742B800E082C9 /* Main.storyboard */,
				9695147C258742B800E082C9 /* Assets.xcassets */,
				9695147E258742B800E082C9 /* LaunchScreen.storyboard */,
				96951481258742B800E082C9 /* Info.plist */,
			);
			path = TabbedApp;
			sourceTree = "<group>";
		};
		96951489258742B800E082C9 /* TabbedAppTests */ = {
			isa = PBXGroup;
			children = (
				9695148A258742B800E082C9 /* TabbedAppTests.swift */,
				9695148C258742B800E082C9 /* Info.plist */,
			);
			path = TabbedAppTests;
			sourceTree = "<group>";
		};
		96951494258742B800E082C9 /* TabbedAppUITests */ = {
			isa = PBXGroup;
			children = (
				96951495258742B800E082C9 /* TabbedAppUITests.swift */,
				96951497258742B800E082C9 /* Info.plist */,
			);
			path = TabbedAppUITests;
			sourceTree = "<group>";
		};
/* End PBXGroup section */

/* Begin PBXNativeTarget section */
		9695146F258742B800E082C9 /* TabbedApp */ = {
			isa = PBXNativeTarget;
			buildConfigurationList = 9695149A258742B800E082C9 /* Build configuration list for PBXNativeTarget "TabbedApp" */;
			buildPhases = (
				9695146C258742B800E082C9 /* Sources */,
				9695146D258742B800E082C9 /* Frameworks */,
				9695146E258742B800E082C9 /* Resources */,
			);
			buildRules = (
			);
			dependencies = (
			);
			name = TabbedApp;
			productName = TabbedApp;
			productReference = 96951470258742B800E082C9 /* TabbedApp.app */;
			productType = "com.apple.product-type.application";
		};
		96951485258742B800E082C9 /* TabbedAppTests */ = {
			isa = PBXNativeTarget;
			buildConfigurationList = 9695149D258742B800E082C9 /* Build configuration list for PBXNativeTarget "TabbedAppTests" */;
			buildPhases = (
				96951482258742B800E082C9 /* Sources */,
				96951483258742B800E082C9 /* Frameworks */,
				96951484258742B800E082C9 /* Resources */,
			);
			buildRules = (
			);
			dependencies = (
				96951488258742B800E082C9 /* PBXTargetDependency */,
			);
			name = TabbedAppTests;
			productName = TabbedAppTests;
			productReference = 96951486258742B800E082C9 /* TabbedAppTests.xctest */;
			productType = "com.apple.product-type.bundle.unit-test";
		};
		96951490258742B800E082C9 /* TabbedAppUITests */ = {
			isa = PBXNativeTarget;
			buildConfigurationList = 969514A0258742B800E082C9 /* Build configuration list for PBXNativeTarget "TabbedAppUITests" */;
			buildPhases = (
				9695148D258742B800E082C9 /* Sources */,
				9695148E258742B800E082C9 /* Frameworks */,
				9695148F258742B800E082C9 /* Resources */,
			);
			buildRules = (
			);
			dependencies = (
				96951493258742B800E082C9 /* PBXTargetDependency */,
			);
			name = TabbedAppUITests;
			productName = TabbedAppUITests;
			productReference = 96951491258742B800E082C9 /* TabbedAppUITests.xctest */;
			productType = "com.apple.product-type.bundle.ui-testing";
		};
/* End PBXNativeTarget section */

/* Begin PBXProject section */
		96951468258742B800E082C9 /* Project object */ = {
			isa = PBXProject;
			attributes = {
				LastSwiftUpdateCheck = 1220;
				LastUpgradeCheck = 1220;
				TargetAttributes = {
					9695146F258742B800E082C9 = {
						CreatedOnToolsVersion = 12.2;
					};
					96951485258742B800E082C9 = {
						CreatedOnToolsVersion = 12.2;
						TestTargetID = 9695146F258742B800E082C9;
					};
					96951490258742B800E082C9 = {
						CreatedOnToolsVersion = 12.2;
						TestTargetID = 9695146F258742B800E082C9;
					};
				};
			};
			buildConfigurationList = 9695146B258742B800E082C9 /* Build configuration list for PBXProject "TabbedApp" */;
			compatibilityVersion = "Xcode 9.3";
			developmentRegion = en;
			hasScannedForEncodings = 0;
			knownRegions = (
				en,
				Base,
			);
			mainGroup = 96951467258742B800E082C9;
			productRefGroup = 96951471258742B800E082C9 /* Products */;
			projectDirPath = "";
			projectRoot = "";
			targets = (
				9695146F258742B800E082C9 /* TabbedApp */,
				96951485258742B800E082C9 /* TabbedAppTests */,
				96951490258742B800E082C9 /* TabbedAppUITests */,
			);
		};
/* End PBXProject section */

/* Begin PBXResourcesBuildPhase section */
		9695146E258742B800E082C9 /* Resources */ = {
			isa = PBXResourcesBuildPhase;
			buildActionMask = 2147483647;
			files = (
				96951480258742B800E082C9 /* LaunchScreen.storyboard in Resources */,
				9695147D258742B800E082C9 /* Assets.xcassets in Resources */,
				9695147B258742B800E082C9 /* Main.storyboard in Resources */,
			);
			runOnlyForDeploymentPostprocessing = 0;
		};
		96951484258742B800E082C9 /* Resources */ = {
			isa = PBXResourcesBuildPhase;
			buildActionMask = 2147483647;
			files = (
			);
			runOnlyForDeploymentPostprocessing = 0;
		};
		9695148F258742B800E082C9 /* Resources */ = {
			isa = PBXResourcesBuildPhase;
			buildActionMask = 2147483647;
			files = (
			);
			runOnlyForDeploymentPostprocessing = 0;
		};
/* End PBXResourcesBuildPhase section */

/* Begin PBXSourcesBuildPhase section */
		9695146C258742B800E082C9 /* Sources */ = {
			isa = PBXSourcesBuildPhase;
			buildActionMask = 2147483647;
			files = (
				96951478258742B800E082C9 /* TaskController.swift in Sources */,
				96951474258742B800E082C9 /* AppDelegate.swift in Sources */,
				96951476258742B800E082C9 /* SceneDelegate.swift in Sources */,
				969514A72587446F00E082C9 /* ShoppingController.swift in Sources */,
			);
			runOnlyForDeploymentPostprocessing = 0;
		};
		96951482258742B800E082C9 /* Sources */ = {
			isa = PBXSourcesBuildPhase;
			buildActionMask = 2147483647;
			files = (
				9695148B258742B800E082C9 /* TabbedAppTests.swift in Sources */,
			);
			runOnlyForDeploymentPostprocessing = 0;
		};
		9695148D258742B800E082C9 /* Sources */ = {
			isa = PBXSourcesBuildPhase;
			buildActionMask = 2147483647;
			files = (
				96951496258742B800E082C9 /* TabbedAppUITests.swift in Sources */,
			);
			runOnlyForDeploymentPostprocessing = 0;
		};
/* End PBXSourcesBuildPhase section */

/* Begin PBXTargetDependency section */
		96951488258742B800E082C9 /* PBXTargetDependency */ = {
			isa = PBXTargetDependency;
			target = 9695146F258742B800E082C9 /* TabbedApp */;
			targetProxy = 96951487258742B800E082C9 /* PBXContainerItemProxy */;
		};
		96951493258742B800E082C9 /* PBXTargetDependency */ = {
			isa = PBXTargetDependency;
			target = 9695146F258742B800E082C9 /* TabbedApp */;
			targetProxy = 96951492258742B800E082C9 /* PBXContainerItemProxy */;
		};
/* End PBXTargetDependency section */

/* Begin PBXVariantGroup section */
		96951479258742B800E082C9 /* Main.storyboard */ = {
			isa = PBXVariantGroup;
			children = (
				9695147A258742B800E082C9 /* Base */,
			);
			name = Main.storyboard;
			sourceTree = "<group>";
		};
		9695147E258742B800E082C9 /* LaunchScreen.storyboard */ = {
			isa = PBXVariantGroup;
			children = (
				9695147F258742B800E082C9 /* Base */,
			);
			name = LaunchScreen.storyboard;
			sourceTree = "<group>";
		};
/* End PBXVariantGroup section */

/* Begin XCBuildConfiguration section */
		96951498258742B800E082C9 /* Debug */ = {
			isa = XCBuildConfiguration;
			buildSettings = {
				ALWAYS_SEARCH_USER_PATHS = NO;
				CLANG_ANALYZER_NONNULL = YES;
				CLANG_ANALYZER_NUMBER_OBJECT_CONVERSION = YES_AGGRESSIVE;
				CLANG_CXX_LANGUAGE_STANDARD = "gnu++14";
				CLANG_CXX_LIBRARY = "libc++";
				CLANG_ENABLE_MODULES = YES;
				CLANG_ENABLE_OBJC_ARC = YES;
				CLANG_ENABLE_OBJC_WEAK = YES;
				CLANG_WARN_BLOCK_CAPTURE_AUTORELEASING = YES;
				CLANG_WARN_BOOL_CONVERSION = YES;
				CLANG_WARN_COMMA = YES;
				CLANG_WARN_CONSTANT_CONVERSION = YES;
				CLANG_WARN_DEPRECATED_OBJC_IMPLEMENTATIONS = YES;
				CLANG_WARN_DIRECT_OBJC_ISA_USAGE = YES_ERROR;
				CLANG_WARN_DOCUMENTATION_COMMENTS = YES;
				CLANG_WARN_EMPTY_BODY = YES;
				CLANG_WARN_ENUM_CONVERSION = YES;
				CLANG_WARN_INFINITE_RECURSION = YES;
				CLANG_WARN_INT_CONVERSION = YES;
				CLANG_WARN_NON_LITERAL_NULL_CONVERSION = YES;
				CLANG_WARN_OBJC_IMPLICIT_RETAIN_SELF = YES;
				CLANG_WARN_OBJC_LITERAL_CONVERSION = YES;
				CLANG_WARN_OBJC_ROOT_CLASS = YES_ERROR;
				CLANG_WARN_QUOTED_INCLUDE_IN_FRAMEWORK_HEADER = YES;
				CLANG_WARN_RANGE_LOOP_ANALYSIS = YES;
				CLANG_WARN_STRICT_PROTOTYPES = YES;
				CLANG_WARN_SUSPICIOUS_MOVE = YES;
				CLANG_WARN_UNGUARDED_AVAILABILITY = YES_AGGRESSIVE;
				CLANG_WARN_UNREACHABLE_CODE = YES;
				CLANG_WARN__DUPLICATE_METHOD_MATCH = YES;
				COPY_PHASE_STRIP = NO;
				DEBUG_INFORMATION_FORMAT = dwarf;
				ENABLE_STRICT_OBJC_MSGSEND = YES;
				ENABLE_TESTABILITY = YES;
				GCC_C_LANGUAGE_STANDARD = gnu11;
				GCC_DYNAMIC_NO_PIC = NO;
				GCC_NO_COMMON_BLOCKS = YES;
				GCC_OPTIMIZATION_LEVEL = 0;
				GCC_PREPROCESSOR_DEFINITIONS = (
					"DEBUG=1",
					"$(inherited)",
				);
				GCC_WARN_64_TO_32_BIT_CONVERSION = YES;
				GCC_WARN_ABOUT_RETURN_TYPE = YES_ERROR;
				GCC_WARN_UNDECLARED_SELECTOR = YES;
				GCC_WARN_UNINITIALIZED_AUTOS = YES_AGGRESSIVE;
				GCC_WARN_UNUSED_FUNCTION = YES;
				GCC_WARN_UNUSED_VARIABLE = YES;
				IPHONEOS_DEPLOYMENT_TARGET = 14.2;
				MTL_ENABLE_DEBUG_INFO = INCLUDE_SOURCE;
				MTL_FAST_MATH = YES;
				ONLY_ACTIVE_ARCH = YES;
				SDKROOT = iphoneos;
				SWIFT_ACTIVE_COMPILATION_CONDITIONS = DEBUG;
				SWIFT_OPTIMIZATION_LEVEL = "-Onone";
			};
			name = Debug;
		};
		96951499258742B800E082C9 /* Release */ = {
			isa = XCBuildConfiguration;
			buildSettings = {
				ALWAYS_SEARCH_USER_PATHS = NO;
				CLANG_ANALYZER_NONNULL = YES;
				CLANG_ANALYZER_NUMBER_OBJECT_CONVERSION = YES_AGGRESSIVE;
				CLANG_CXX_LANGUAGE_STANDARD = "gnu++14";
				CLANG_CXX_LIBRARY = "libc++";
				CLANG_ENABLE_MODULES = YES;
				CLANG_ENABLE_OBJC_ARC = YES;
				CLANG_ENABLE_OBJC_WEAK = YES;
				CLANG_WARN_BLOCK_CAPTURE_AUTORELEASING = YES;
				CLANG_WARN_BOOL_CONVERSION = YES;
				CLANG_WARN_COMMA = YES;
				CLANG_WARN_CONSTANT_CONVERSION = YES;
				CLANG_WARN_DEPRECATED_OBJC_IMPLEMENTATIONS = YES;
				CLANG_WARN_DIRECT_OBJC_ISA_USAGE = YES_ERROR;
				CLANG_WARN_DOCUMENTATION_COMMENTS = YES;
				CLANG_WARN_EMPTY_BODY = YES;
				CLANG_WARN_ENUM_CONVERSION = YES;
				CLANG_WARN_INFINITE_RECURSION = YES;
				CLANG_WARN_INT_CONVERSION = YES;
				CLANG_WARN_NON_LITERAL_NULL_CONVERSION = YES;
				CLANG_WARN_OBJC_IMPLICIT_RETAIN_SELF = YES;
				CLANG_WARN_OBJC_LITERAL_CONVERSION = YES;
				CLANG_WARN_OBJC_ROOT_CLASS = YES_ERROR;
				CLANG_WARN_QUOTED_INCLUDE_IN_FRAMEWORK_HEADER = YES;
				CLANG_WARN_RANGE_LOOP_ANALYSIS = YES;
				CLANG_WARN_STRICT_PROTOTYPES = YES;
				CLANG_WARN_SUSPICIOUS_MOVE = YES;
				CLANG_WARN_UNGUARDED_AVAILABILITY = YES_AGGRESSIVE;
				CLANG_WARN_UNREACHABLE_CODE = YES;
				CLANG_WARN__DUPLICATE_METHOD_MATCH = YES;
				COPY_PHASE_STRIP = NO;
				DEBUG_INFORMATION_FORMAT = "dwarf-with-dsym";
				ENABLE_NS_ASSERTIONS = NO;
				ENABLE_STRICT_OBJC_MSGSEND = YES;
				GCC_C_LANGUAGE_STANDARD = gnu11;
				GCC_NO_COMMON_BLOCKS = YES;
				GCC_WARN_64_TO_32_BIT_CONVERSION = YES;
				GCC_WARN_ABOUT_RETURN_TYPE = YES_ERROR;
				GCC_WARN_UNDECLARED_SELECTOR = YES;
				GCC_WARN_UNINITIALIZED_AUTOS = YES_AGGRESSIVE;
				GCC_WARN_UNUSED_FUNCTION = YES;
				GCC_WARN_UNUSED_VARIABLE = YES;
				IPHONEOS_DEPLOYMENT_TARGET = 14.2;
				MTL_ENABLE_DEBUG_INFO = NO;
				MTL_FAST_MATH = YES;
				SDKROOT = iphoneos;
				SWIFT_COMPILATION_MODE = wholemodule;
				SWIFT_OPTIMIZATION_LEVEL = "-O";
				VALIDATE_PRODUCT = YES;
			};
			name = Release;
		};
		9695149B258742B800E082C9 /* Debug */ = {
			isa = XCBuildConfiguration;
			buildSettings = {
				ASSETCATALOG_COMPILER_APPICON_NAME = AppIcon;
				ASSETCATALOG_COMPILER_GLOBAL_ACCENT_COLOR_NAME = AccentColor;
				CODE_SIGN_STYLE = Automatic;
				DEVELOPMENT_TEAM = HS43QQXB8W;
				INFOPLIST_FILE = TabbedApp/Info.plist;
				LD_RUNPATH_SEARCH_PATHS = (
					"$(inherited)",
					"@executable_path/Frameworks",
				);
				PRODUCT_BUNDLE_IDENTIFIER = trent.TabbedApp;
				PRODUCT_NAME = "$(TARGET_NAME)";
				SWIFT_VERSION = 5.0;
				TARGETED_DEVICE_FAMILY = "1,2";
			};
			name = Debug;
		};
		9695149C258742B800E082C9 /* Release */ = {
			isa = XCBuildConfiguration;
			buildSettings = {
				ASSETCATALOG_COMPILER_APPICON_NAME = AppIcon;
				ASSETCATALOG_COMPILER_GLOBAL_ACCENT_COLOR_NAME = AccentColor;
				CODE_SIGN_STYLE = Automatic;
				DEVELOPMENT_TEAM = HS43QQXB8W;
				INFOPLIST_FILE = TabbedApp/Info.plist;
				LD_RUNPATH_SEARCH_PATHS = (
					"$(inherited)",
					"@executable_path/Frameworks",
				);
				PRODUCT_BUNDLE_IDENTIFIER = trent.TabbedApp;
				PRODUCT_NAME = "$(TARGET_NAME)";
				SWIFT_VERSION = 5.0;
				TARGETED_DEVICE_FAMILY = "1,2";
			};
			name = Release;
		};
		9695149E258742B800E082C9 /* Debug */ = {
			isa = XCBuildConfiguration;
			buildSettings = {
				ALWAYS_EMBED_SWIFT_STANDARD_LIBRARIES = YES;
				BUNDLE_LOADER = "$(TEST_HOST)";
				CODE_SIGN_STYLE = Automatic;
				DEVELOPMENT_TEAM = HS43QQXB8W;
				INFOPLIST_FILE = TabbedAppTests/Info.plist;
				IPHONEOS_DEPLOYMENT_TARGET = 14.2;
				LD_RUNPATH_SEARCH_PATHS = (
					"$(inherited)",
					"@executable_path/Frameworks",
					"@loader_path/Frameworks",
				);
				PRODUCT_BUNDLE_IDENTIFIER = trent.TabbedAppTests;
				PRODUCT_NAME = "$(TARGET_NAME)";
				SWIFT_VERSION = 5.0;
				TARGETED_DEVICE_FAMILY = "1,2";
				TEST_HOST = "$(BUILT_PRODUCTS_DIR)/TabbedApp.app/TabbedApp";
			};
			name = Debug;
		};
		9695149F258742B800E082C9 /* Release */ = {
			isa = XCBuildConfiguration;
			buildSettings = {
				ALWAYS_EMBED_SWIFT_STANDARD_LIBRARIES = YES;
				BUNDLE_LOADER = "$(TEST_HOST)";
				CODE_SIGN_STYLE = Automatic;
				DEVELOPMENT_TEAM = HS43QQXB8W;
				INFOPLIST_FILE = TabbedAppTests/Info.plist;
				IPHONEOS_DEPLOYMENT_TARGET = 14.2;
				LD_RUNPATH_SEARCH_PATHS = (
					"$(inherited)",
					"@executable_path/Frameworks",
					"@loader_path/Frameworks",
				);
				PRODUCT_BUNDLE_IDENTIFIER = trent.TabbedAppTests;
				PRODUCT_NAME = "$(TARGET_NAME)";
				SWIFT_VERSION = 5.0;
				TARGETED_DEVICE_FAMILY = "1,2";
				TEST_HOST = "$(BUILT_PRODUCTS_DIR)/TabbedApp.app/TabbedApp";
			};
			name = Release;
		};
		969514A1258742B800E082C9 /* Debug */ = {
			isa = XCBuildConfiguration;
			buildSettings = {
				ALWAYS_EMBED_SWIFT_STANDARD_LIBRARIES = YES;
				CODE_SIGN_STYLE = Automatic;
				DEVELOPMENT_TEAM = HS43QQXB8W;
				INFOPLIST_FILE = TabbedAppUITests/Info.plist;
				LD_RUNPATH_SEARCH_PATHS = (
					"$(inherited)",
					"@executable_path/Frameworks",
					"@loader_path/Frameworks",
				);
				PRODUCT_BUNDLE_IDENTIFIER = trent.TabbedAppUITests;
				PRODUCT_NAME = "$(TARGET_NAME)";
				SWIFT_VERSION = 5.0;
				TARGETED_DEVICE_FAMILY = "1,2";
				TEST_TARGET_NAME = TabbedApp;
			};
			name = Debug;
		};
		969514A2258742B800E082C9 /* Release */ = {
			isa = XCBuildConfiguration;
			buildSettings = {
				ALWAYS_EMBED_SWIFT_STANDARD_LIBRARIES = YES;
				CODE_SIGN_STYLE = Automatic;
				DEVELOPMENT_TEAM = HS43QQXB8W;
				INFOPLIST_FILE = TabbedAppUITests/Info.plist;
				LD_RUNPATH_SEARCH_PATHS = (
					"$(inherited)",
					"@executable_path/Frameworks",
					"@loader_path/Frameworks",
				);
				PRODUCT_BUNDLE_IDENTIFIER = trent.TabbedAppUITests;
				PRODUCT_NAME = "$(TARGET_NAME)";
				SWIFT_VERSION = 5.0;
				TARGETED_DEVICE_FAMILY = "1,2";
				TEST_TARGET_NAME = TabbedApp;
			};
			name = Release;
		};
/* End XCBuildConfiguration section */

/* Begin XCConfigurationList section */
		9695146B258742B800E082C9 /* Build configuration list for PBXProject "TabbedApp" */ = {
			isa = XCConfigurationList;
			buildConfigurations = (
				96951498258742B800E082C9 /* Debug */,
				96951499258742B800E082C9 /* Release */,
			);
			defaultConfigurationIsVisible = 0;
			defaultConfigurationName = Release;
		};
		9695149A258742B800E082C9 /* Build configuration list for PBXNativeTarget "TabbedApp" */ = {
			isa = XCConfigurationList;
			buildConfigurations = (
				9695149B258742B800E082C9 /* Debug */,
				9695149C258742B800E082C9 /* Release */,
			);
			defaultConfigurationIsVisible = 0;
			defaultConfigurationName = Release;
		};
		9695149D258742B800E082C9 /* Build configuration list for PBXNativeTarget "TabbedAppTests" */ = {
			isa = XCConfigurationList;
			buildConfigurations = (
				9695149E258742B800E082C9 /* Debug */,
				9695149F258742B800E082C9 /* Release */,
			);
			defaultConfigurationIsVisible = 0;
			defaultConfigurationName = Release;
		};
		969514A0258742B800E082C9 /* Build configuration list for PBXNativeTarget "TabbedAppUITests" */ = {
			isa = XCConfigurationList;
			buildConfigurations = (
				969514A1258742B800E082C9 /* Debug */,
				969514A2258742B800E082C9 /* Release */,
			);
			defaultConfigurationIsVisible = 0;
			defaultConfigurationName = Release;
		};
/* End XCConfigurationList section */
	};
	rootObject = 96951468258742B800E082C9 /* Project object */;
}
